
Microsoft Visual Studio Solution File, Format Version 12.00
# Visual Studio Version 17
VisualStudioVersion = 17.10.35004.147
MinimumVisualStudioVersion = 10.0.40219.1
Project("{FAE04EC0-301F-11D3-BF4B-00C04F79EFBC}") = "Tetris", "Tetris.csproj", "{C7D09090-43DD-4906-B335-2F6257E79050}"
EndProject
Global
	GlobalSection(SolutionConfigurationPlatforms) = preSolution
		Debug|Any CPU = Debug|Any CPU
		ExportDebug|Any CPU = ExportDebug|Any CPU
		ExportRelease|Any CPU = ExportRelease|Any CPU
	EndGlobalSection
	GlobalSection(ProjectConfigurationPlatforms) = postSolution
		{C7D09090-43DD-4906-B335-2F6257E79050}.Debug|Any CPU.ActiveCfg = Debug|Any CPU
		{C7D09090-43DD-4906-B335-2F6257E79050}.Debug|Any CPU.Build.0 = Debug|Any CPU
		{C7D09090-43DD-4906-B335-2F6257E79050}.ExportDebug|Any CPU.ActiveCfg = ExportDebug|Any CPU
		{C7D09090-43DD-4906-B335-2F6257E79050}.ExportDebug|Any CPU.Build.0 = ExportDebug|Any CPU
		{C7D09090-43DD-4906-B335-2F6257E79050}.ExportRelease|Any CPU.ActiveCfg = ExportRelease|Any CPU
		{C7D09090-43DD-4906-B335-2F6257E79050}.ExportRelease|Any CPU.Build.0 = ExportRelease|Any CPU
	EndGlobalSection
	GlobalSection(SolutionProperties) = preSolution
		HideSolutionNode = FALSE
	EndGlobalSection
	GlobalSection(ExtensibilityGlobals) = postSolution
		SolutionGuid = {80A25205-0DD8-4074-A856-9F60656A2A28}
	EndGlobalSection
EndGlobal
